
Microsoft Visual Studio Solution File, Format Version 12.00
# Visual Studio Version 17
VisualStudioVersion = 17.8.34330.188
MinimumVisualStudioVersion = 10.0.40219.1
Project("{9A19103F-16F7-4668-BE54-9A1E7A4F7556}") = "StudentManagementAPI", "StudentManagementAPI.csproj", "{BDB045F3-41C0-472E-B190-5BBB41ADF532}"
EndProject
Project("{9A19103F-16F7-4668-BE54-9A1E7A4F7556}") = "StudentManagementService", "..\StudentManagementService\StudentManagementService.csproj", "{4B79E3FF-AFE1-4065-A262-A682E8D776D9}"
EndProject
Project("{9A19103F-16F7-4668-BE54-9A1E7A4F7556}") = "SQLRepository", "..\SQLRepository\SQLRepository.csproj", "{49ACA635-E8F9-4132-A91A-A1E680991CBC}"
EndProject
Project("{FAE04EC0-301F-11D3-BF4B-00C04F79EFBC}") = "MongoRepository", "..\MongoRepository\MongoRepository.csproj", "{1580F85C-0906-4AEE-A51E-A6E110ACD448}"
EndProject
Project("{FAE04EC0-301F-11D3-BF4B-00C04F79EFBC}") = "Common", "..\Common\Common.csproj", "{6DEB13C6-43D0-47F2-A5A8-428FD2628DCD}"
EndProject
Global
	GlobalSection(SolutionConfigurationPlatforms) = preSolution
		Debug|Any CPU = Debug|Any CPU
		Release|Any CPU = Release|Any CPU
	EndGlobalSection
	GlobalSection(ProjectConfigurationPlatforms) = postSolution
		{BDB045F3-41C0-472E-B190-5BBB41ADF532}.Debug|Any CPU.ActiveCfg = Debug|Any CPU
		{BDB045F3-41C0-472E-B190-5BBB41ADF532}.Debug|Any CPU.Build.0 = Debug|Any CPU
		{BDB045F3-41C0-472E-B190-5BBB41ADF532}.Release|Any CPU.ActiveCfg = Release|Any CPU
		{BDB045F3-41C0-472E-B190-5BBB41ADF532}.Release|Any CPU.Build.0 = Release|Any CPU
		{4B79E3FF-AFE1-4065-A262-A682E8D776D9}.Debug|Any CPU.ActiveCfg = Debug|Any CPU
		{4B79E3FF-AFE1-4065-A262-A682E8D776D9}.Debug|Any CPU.Build.0 = Debug|Any CPU
		{4B79E3FF-AFE1-4065-A262-A682E8D776D9}.Release|Any CPU.ActiveCfg = Release|Any CPU
		{4B79E3FF-AFE1-4065-A262-A682E8D776D9}.Release|Any CPU.Build.0 = Release|Any CPU
		{49ACA635-E8F9-4132-A91A-A1E680991CBC}.Debug|Any CPU.ActiveCfg = Debug|Any CPU
		{49ACA635-E8F9-4132-A91A-A1E680991CBC}.Debug|Any CPU.Build.0 = Debug|Any CPU
		{49ACA635-E8F9-4132-A91A-A1E680991CBC}.Release|Any CPU.ActiveCfg = Release|Any CPU
		{49ACA635-E8F9-4132-A91A-A1E680991CBC}.Release|Any CPU.Build.0 = Release|Any CPU
		{1580F85C-0906-4AEE-A51E-A6E110ACD448}.Debug|Any CPU.ActiveCfg = Debug|Any CPU
		{1580F85C-0906-4AEE-A51E-A6E110ACD448}.Debug|Any CPU.Build.0 = Debug|Any CPU
		{1580F85C-0906-4AEE-A51E-A6E110ACD448}.Release|Any CPU.ActiveCfg = Release|Any CPU
		{1580F85C-0906-4AEE-A51E-A6E110ACD448}.Release|Any CPU.Build.0 = Release|Any CPU
		{6DEB13C6-43D0-47F2-A5A8-428FD2628DCD}.Debug|Any CPU.ActiveCfg = Debug|Any CPU
		{6DEB13C6-43D0-47F2-A5A8-428FD2628DCD}.Debug|Any CPU.Build.0 = Debug|Any CPU
		{6DEB13C6-43D0-47F2-A5A8-428FD2628DCD}.Release|Any CPU.ActiveCfg = Release|Any CPU
		{6DEB13C6-43D0-47F2-A5A8-428FD2628DCD}.Release|Any CPU.Build.0 = Release|Any CPU
	EndGlobalSection
	GlobalSection(SolutionProperties) = preSolution
		HideSolutionNode = FALSE
	EndGlobalSection
	GlobalSection(ExtensibilityGlobals) = postSolution
		SolutionGuid = {BADF6CCC-D9BA-4F87-BD4F-A256A13486B4}
	EndGlobalSection
EndGlobal
